// !$*UTF8*$!
{
	archiveVersion = 1;
	classes = {
	};
	objectVersion = 46;
	objects = {

/* Begin PBXBuildFile section */
		B017A9361D999780005164CD /* AppDelegate.swift in Sources */ = {isa = PBXBuildFile; fileRef = B017A9351D999780005164CD /* AppDelegate.swift */; };
		B017A93B1D999780005164CD /* Main.storyboard in Resources */ = {isa = PBXBuildFile; fileRef = B017A9391D999780005164CD /* Main.storyboard */; };
		B017A93E1D999780005164CD /* PickColours.xcdatamodeld in Sources */ = {isa = PBXBuildFile; fileRef = B017A93C1D999780005164CD /* PickColours.xcdatamodeld */; };
		B017A9401D999780005164CD /* Assets.xcassets in Resources */ = {isa = PBXBuildFile; fileRef = B017A93F1D999780005164CD /* Assets.xcassets */; };
		B017A9431D999780005164CD /* LaunchScreen.storyboard in Resources */ = {isa = PBXBuildFile; fileRef = B017A9411D999780005164CD /* LaunchScreen.storyboard */; };
		B017A94B1D99979B005164CD /* ColoursViewController.swift in Sources */ = {isa = PBXBuildFile; fileRef = B017A94A1D99979B005164CD /* ColoursViewController.swift */; };
/* End PBXBuildFile section */

/* Begin PBXFileReference section */
		B017A9321D999780005164CD /* PickColours.app */ = {isa = PBXFileReference; explicitFileType = wrapper.application; includeInIndex = 0; path = PickColours.app; sourceTree = BUILT_PRODUCTS_DIR; };
		B017A9351D999780005164CD /* AppDelegate.swift */ = {isa = PBXFileReference; lastKnownFileType = sourcecode.swift; path = AppDelegate.swift; sourceTree = "<group>"; };
		B017A93A1D999780005164CD /* Base */ = {isa = PBXFileReference; lastKnownFileType = file.storyboard; name = Base; path = Base.lproj/Main.storyboard; sourceTree = "<group>"; };
		B017A93D1D999780005164CD /* PickColours.xcdatamodel */ = {isa = PBXFileReference; lastKnownFileType = wrapper.xcdatamodel; path = PickColours.xcdatamodel; sourceTree = "<group>"; };
		B017A93F1D999780005164CD /* Assets.xcassets */ = {isa = PBXFileReference; lastKnownFileType = folder.assetcatalog; path = Assets.xcassets; sourceTree = "<group>"; };
		B017A9421D999780005164CD /* Base */ = {isa = PBXFileReference; lastKnownFileType = file.storyboard; name = Base; path = Base.lproj/LaunchScreen.storyboard; sourceTree = "<group>"; };
		B017A9441D999780005164CD /* Info.plist */ = {isa = PBXFileReference; lastKnownFileType = text.plist.xml; path = Info.plist; sourceTree = "<group>"; };
		B017A94A1D99979B005164CD /* ColoursViewController.swift */ = {isa = PBXFileReference; fileEncoding = 4; lastKnownFileType = sourcecode.swift; path = ColoursViewController.swift; sourceTree = "<group>"; };
/* End PBXFileReference section */

/* Begin PBXFrameworksBuildPhase section */
		B017A92F1D999780005164CD /* Frameworks */ = {
			isa = PBXFrameworksBuildPhase;
			buildActionMask = 2147483647;
			files = (
			);
			runOnlyForDeploymentPostprocessing = 0;
		};
/* End PBXFrameworksBuildPhase section */

/* Begin PBXGroup section */
		B017A9291D999780005164CD = {
			isa = PBXGroup;
			children = (
				B017A9341D999780005164CD /* PickColours */,
				B017A9331D999780005164CD /* Products */,
			);
			sourceTree = "<group>";
		};
		B017A9331D999780005164CD /* Products */ = {
			isa = PBXGroup;
			children = (
				B017A9321D999780005164CD /* PickColours.app */,
			);
			name = Products;
			sourceTree = "<group>";
		};
		B017A9341D999780005164CD /* PickColours */ = {
			isa = PBXGroup;
			children = (
				B017A9351D999780005164CD /* AppDelegate.swift */,
				B017A94A1D99979B005164CD /* ColoursViewController.swift */,
				B017A9391D999780005164CD /* Main.storyboard */,
				B017A93F1D999780005164CD /* Assets.xcassets */,
				B017A9411D999780005164CD /* LaunchScreen.storyboard */,
				B017A9441D999780005164CD /* Info.plist */,
				B017A93C1D999780005164CD /* PickColours.xcdatamodeld */,
			);
			path = PickColours;
			sourceTree = "<group>";
		};
/* End PBXGroup section */

/* Begin PBXNativeTarget section */
		B017A9311D999780005164CD /* PickColours */ = {
			isa = PBXNativeTarget;
			buildConfigurationList = B017A9471D999780005164CD /* Build configuration list for PBXNativeTarget "PickColours" */;
			buildPhases = (
				B017A92E1D999780005164CD /* Sources */,
				B017A92F1D999780005164CD /* Frameworks */,
				B017A9301D999780005164CD /* Resources */,
			);
			buildRules = (
			);
			dependencies = (
			);
			name = PickColours;
			productName = PickColours;
			productReference = B017A9321D999780005164CD /* PickColours.app */;
			productType = "com.apple.product-type.application";
		};
/* End PBXNativeTarget section */

/* Begin PBXProject section */
		B017A92A1D999780005164CD /* Project object */ = {
			isa = PBXProject;
			attributes = {
				LastSwiftUpdateCheck = 0800;
				LastUpgradeCheck = 0800;
				ORGANIZATIONNAME = "Moesaeah King";
				TargetAttributes = {
					B017A9311D999780005164CD = {
						CreatedOnToolsVersion = 8.0;
						ProvisioningStyle = Automatic;
					};
				};
			};
			buildConfigurationList = B017A92D1D999780005164CD /* Build configuration list for PBXProject "PickColours" */;
			compatibilityVersion = "Xcode 3.2";
			developmentRegion = English;
			hasScannedForEncodings = 0;
			knownRegions = (
				en,
				Base,
			);
			mainGroup = B017A9291D999780005164CD;
			productRefGroup = B017A9331D999780005164CD /* Products */;
			projectDirPath = "";
			projectRoot = "";
			targets = (
				B017A9311D999780005164CD /* PickColours */,
			);
		};
/* End PBXProject section */

/* Begin PBXResourcesBuildPhase section */
		B017A9301D999780005164CD /* Resources */ = {
			isa = PBXResourcesBuildPhase;
			buildActionMask = 2147483647;
			files = (
				B017A9431D999780005164CD /* LaunchScreen.storyboard in Resources */,
				B017A9401D999780005164CD /* Assets.xcassets in Resources */,
				B017A93B1D999780005164CD /* Main.storyboard in Resources */,
			);
			runOnlyForDeploymentPostprocessing = 0;
		};
/* End PBXResourcesBuildPhase section */

/* Begin PBXSourcesBuildPhase section */
		B017A92E1D999780005164CD /* Sources */ = {
			isa = PBXSourcesBuildPhase;
			buildActionMask = 2147483647;
			files = (
				B017A93E1D999780005164CD /* PickColours.xcdatamodeld in Sources */,
				B017A94B1D99979B005164CD /* ColoursViewController.swift in Sources */,
				B017A9361D999780005164CD /* AppDelegate.swift in Sources */,
			);
			runOnlyForDeploymentPostprocessing = 0;
		};
/* End PBXSourcesBuildPhase section */

/* Begin PBXVariantGroup section */
		B017A9391D999780005164CD /* Main.storyboard */ = {
			isa = PBXVariantGroup;
			children = (
				B017A93A1D999780005164CD /* Base */,
			);
			name = Main.storyboard;
			sourceTree = "<group>";
		};
		B017A9411D999780005164CD /* LaunchScreen.storyboard */ = {
			isa = PBXVariantGroup;
			children = (
				B017A9421D999780005164CD /* Base */,
			);
			name = LaunchScreen.storyboard;
			sourceTree = "<group>";
		};
/* End PBXVariantGroup section */

/* Begin XCBuildConfiguration section */
		B017A9451D999780005164CD /* Debug */ = {
			isa = XCBuildConfiguration;
			buildSettings = {
				ALWAYS_SEARCH_USER_PATHS = NO;
				CLANG_ANALYZER_NONNULL = YES;
				CLANG_CXX_LANGUAGE_STANDARD = "gnu++0x";
				CLANG_CXX_LIBRARY = "libc++";
				CLANG_ENABLE_MODULES = YES;
				CLANG_ENABLE_OBJC_ARC = YES;
				CLANG_WARN_BOOL_CONVERSION = YES;
				CLANG_WARN_CONSTANT_CONVERSION = YES;
				CLANG_WARN_DIRECT_OBJC_ISA_USAGE = YES_ERROR;
				CLANG_WARN_DOCUMENTATION_COMMENTS = YES;
				CLANG_WARN_EMPTY_BODY = YES;
				CLANG_WARN_ENUM_CONVERSION = YES;
				CLANG_WARN_INFINITE_RECURSION = YES;
				CLANG_WARN_INT_CONVERSION = YES;
				CLANG_WARN_OBJC_ROOT_CLASS = YES_ERROR;
				CLANG_WARN_SUSPICIOUS_MOVES = YES;
				CLANG_WARN_UNREACHABLE_CODE = YES;
				CLANG_WARN__DUPLICATE_METHOD_MATCH = YES;
				"CODE_SIGN_IDENTITY[sdk=iphoneos*]" = "iPhone Developer";
				COPY_PHASE_STRIP = NO;
				DEBUG_INFORMATION_FORMAT = dwarf;
				ENABLE_STRICT_OBJC_MSGSEND = YES;
				ENABLE_TESTABILITY = YES;
				GCC_C_LANGUAGE_STANDARD = gnu99;
				GCC_DYNAMIC_NO_PIC = NO;
				GCC_NO_COMMON_BLOCKS = YES;
				GCC_OPTIMIZATION_LEVEL = 0;
				GCC_PREPROCESSOR_DEFINITIONS = (
					"DEBUG=1",
					"$(inherited)",
				);
				GCC_WARN_64_TO_32_BIT_CONVERSION = YES;
				GCC_WARN_ABOUT_RETURN_TYPE = YES_ERROR;
				GCC_WARN_UNDECLARED_SELECTOR = YES;
				GCC_WARN_UNINITIALIZED_AUTOS = YES_AGGRESSIVE;
				GCC_WARN_UNUSED_FUNCTION = YES;
				GCC_WARN_UNUSED_VARIABLE = YES;
				IPHONEOS_DEPLOYMENT_TARGET = 10.0;
				MTL_ENABLE_DEBUG_INFO = YES;
				ONLY_ACTIVE_ARCH = YES;
				SDKROOT = iphoneos;
				SWIFT_ACTIVE_COMPILATION_CONDITIONS = DEBUG;
				SWIFT_OPTIMIZATION_LEVEL = "-Onone";
				TARGETED_DEVICE_FAMILY = "1,2";
			};
			name = Debug;
		};
		B017A9461D999780005164CD /* Release */ = {
			isa = XCBuildConfiguration;
			buildSettings = {
				ALWAYS_SEARCH_USER_PATHS = NO;
				CLANG_ANALYZER_NONNULL = YES;
				CLANG_CXX_LANGUAGE_STANDARD = "gnu++0x";
				CLANG_CXX_LIBRARY = "libc++";
				CLANG_ENABLE_MODULES = YES;
				CLANG_ENABLE_OBJC_ARC = YES;
				CLANG_WARN_BOOL_CONVERSION = YES;
				CLANG_WARN_CONSTANT_CONVERSION = YES;
				CLANG_WARN_DIRECT_OBJC_ISA_USAGE = YES_ERROR;
				CLANG_WARN_DOCUMENTATION_COMMENTS = YES;
				CLANG_WARN_EMPTY_BODY = YES;
				CLANG_WARN_ENUM_CONVERSION = YES;
				CLANG_WARN_INFINITE_RECURSION = YES;
				CLANG_WARN_INT_CONVERSION = YES;
				CLANG_WARN_OBJC_ROOT_CLASS = YES_ERROR;
				CLANG_WARN_SUSPICIOUS_MOVES = YES;
				CLANG_WARN_UNREACHABLE_CODE = YES;
				CLANG_WARN__DUPLICATE_METHOD_MATCH = YES;
				"CODE_SIGN_IDENTITY[sdk=iphoneos*]" = "iPhone Developer";
				COPY_PHASE_STRIP = NO;
				DEBUG_INFORMATION_FORMAT = "dwarf-with-dsym";
				ENABLE_NS_ASSERTIONS = NO;
				ENABLE_STRICT_OBJC_MSGSEND = YES;
				GCC_C_LANGUAGE_STANDARD = gnu99;
				GCC_NO_COMMON_BLOCKS = YES;
				GCC_WARN_64_TO_32_BIT_CONVERSION = YES;
				GCC_WARN_ABOUT_RETURN_TYPE = YES_ERROR;
				GCC_WARN_UNDECLARED_SELECTOR = YES;
				GCC_WARN_UNINITIALIZED_AUTOS = YES_AGGRESSIVE;
				GCC_WARN_UNUSED_FUNCTION = YES;
				GCC_WARN_UNUSED_VARIABLE = YES;
				IPHONEOS_DEPLOYMENT_TARGET = 10.0;
				MTL_ENABLE_DEBUG_INFO = NO;
				SDKROOT = iphoneos;
				SWIFT_OPTIMIZATION_LEVEL = "-Owholemodule";
				TARGETED_DEVICE_FAMILY = "1,2";
				VALIDATE_PRODUCT = YES;
			};
			name = Release;
		};
		B017A9481D999780005164CD /* Debug */ = {
			isa = XCBuildConfiguration;
			buildSettings = {
				ASSETCATALOG_COMPILER_APPICON_NAME = AppIcon;
				INFOPLIST_FILE = PickColours/Info.plist;
				LD_RUNPATH_SEARCH_PATHS = "$(inherited) @executable_path/Frameworks";
				PRODUCT_BUNDLE_IDENTIFIER = edu.missouri.cs.PickColours;
				PRODUCT_NAME = "$(TARGET_NAME)";
				SWIFT_VERSION = 3.0;
			};
			name = Debug;
		};
		B017A9491D999780005164CD /* Release */ = {
			isa = XCBuildConfiguration;
			buildSettings = {
				ASSETCATALOG_COMPILER_APPICON_NAME = AppIcon;
				INFOPLIST_FILE = PickColours/Info.plist;
				LD_RUNPATH_SEARCH_PATHS = "$(inherited) @executable_path/Frameworks";
				PRODUCT_BUNDLE_IDENTIFIER = edu.missouri.cs.PickColours;
				PRODUCT_NAME = "$(TARGET_NAME)";
				SWIFT_VERSION = 3.0;
			};
			name = Release;
		};
/* End XCBuildConfiguration section */

/* Begin XCConfigurationList section */
		B017A92D1D999780005164CD /* Build configuration list for PBXProject "PickColours" */ = {
			isa = XCConfigurationList;
			buildConfigurations = (
				B017A9451D999780005164CD /* Debug */,
				B017A9461D999780005164CD /* Release */,
			);
			defaultConfigurationIsVisible = 0;
			defaultConfigurationName = Release;
		};
		B017A9471D999780005164CD /* Build configuration list for PBXNativeTarget "PickColours" */ = {
			isa = XCConfigurationList;
			buildConfigurations = (
				B017A9481D999780005164CD /* Debug */,
				B017A9491D999780005164CD /* Release */,
			);
			defaultConfigurationIsVisible = 0;
		};
/* End XCConfigurationList section */

/* Begin XCVersionGroup section */
		B017A93C1D999780005164CD /* PickColours.xcdatamodeld */ = {
			isa = XCVersionGroup;
			children = (
				B017A93D1D999780005164CD /* PickColours.xcdatamodel */,
			);
			currentVersion = B017A93D1D999780005164CD /* PickColours.xcdatamodel */;
			path = PickColours.xcdatamodeld;
			sourceTree = "<group>";
			versionGroupType = wrapper.xcdatamodel;
		};
/* End XCVersionGroup section */
	};
	rootObject = B017A92A1D999780005164CD /* Project object */;
}
